// !$*UTF8*$!
{
	archiveVersion = 1;
	classes = {
	};
	objectVersion = 48;
	objects = {

/* Begin PBXBuildFile section */
		5B7CDE943700053B6EF4D6DF /* Pods_LearnSwift.framework in Frameworks */ = {isa = PBXBuildFile; fileRef = 6714375317D714D598E58CF5 /* Pods_LearnSwift.framework */; };
		F5033CBA1FA1D1ED00124A73 /* AppDelegate.swift in Sources */ = {isa = PBXBuildFile; fileRef = F5033CB91FA1D1ED00124A73 /* AppDelegate.swift */; };
		F5033CBF1FA1D1ED00124A73 /* Main.storyboard in Resources */ = {isa = PBXBuildFile; fileRef = F5033CBD1FA1D1ED00124A73 /* Main.storyboard */; };
		F5033CC11FA1D1ED00124A73 /* Assets.xcassets in Resources */ = {isa = PBXBuildFile; fileRef = F5033CC01FA1D1ED00124A73 /* Assets.xcassets */; };
		F5033CC41FA1D1ED00124A73 /* LaunchScreen.storyboard in Resources */ = {isa = PBXBuildFile; fileRef = F5033CC21FA1D1ED00124A73 /* LaunchScreen.storyboard */; };
		F5033CCF1FA1D1ED00124A73 /* LearnSwiftTests.swift in Sources */ = {isa = PBXBuildFile; fileRef = F5033CCE1FA1D1ED00124A73 /* LearnSwiftTests.swift */; };
		F5033CDA1FA1D1ED00124A73 /* LearnSwiftUITests.swift in Sources */ = {isa = PBXBuildFile; fileRef = F5033CD91FA1D1ED00124A73 /* LearnSwiftUITests.swift */; };
		F5F0743A1FA2C4CC00088E23 /* MJYPData.swift in Sources */ = {isa = PBXBuildFile; fileRef = F5F074311FA2C4CC00088E23 /* MJYPData.swift */; };
		F5F0743C1FA2C4CC00088E23 /* MJYPMappable.swift in Sources */ = {isa = PBXBuildFile; fileRef = F5F074331FA2C4CC00088E23 /* MJYPMappable.swift */; };
		F5F0743E1FA2C4CC00088E23 /* MJYPDatas.swift in Sources */ = {isa = PBXBuildFile; fileRef = F5F074351FA2C4CC00088E23 /* MJYPDatas.swift */; };
		F5F0743F1FA2C4CC00088E23 /* MJYPResult.swift in Sources */ = {isa = PBXBuildFile; fileRef = F5F074361FA2C4CC00088E23 /* MJYPResult.swift */; };
		F5F074401FA2C4CC00088E23 /* MJYPGetList.swift in Sources */ = {isa = PBXBuildFile; fileRef = F5F074371FA2C4CC00088E23 /* MJYPGetList.swift */; };
		F5F074411FA2C4CC00088E23 /* MJYPTop.swift in Sources */ = {isa = PBXBuildFile; fileRef = F5F074381FA2C4CC00088E23 /* MJYPTop.swift */; };
		F5F074451FA2C4E700088E23 /* ViewController.swift in Sources */ = {isa = PBXBuildFile; fileRef = F5F074421FA2C4E700088E23 /* ViewController.swift */; };
		F5F074461FA2C4E700088E23 /* SwiftJSONViewController.swift in Sources */ = {isa = PBXBuildFile; fileRef = F5F074431FA2C4E700088E23 /* SwiftJSONViewController.swift */; };
		F5F074471FA2C4E700088E23 /* ObjectMapperViewController.swift in Sources */ = {isa = PBXBuildFile; fileRef = F5F074441FA2C4E700088E23 /* ObjectMapperViewController.swift */; };
		F5F0744C1FA2C58E00088E23 /* getList.json in Resources */ = {isa = PBXBuildFile; fileRef = F5F074491FA2C58E00088E23 /* getList.json */; };
		F5F0744D1FA2C58E00088E23 /* MJYPData.json in Resources */ = {isa = PBXBuildFile; fileRef = F5F0744A1FA2C58E00088E23 /* MJYPData.json */; };
		F5F0744E1FA2C58E00088E23 /* objectMapper.json in Resources */ = {isa = PBXBuildFile; fileRef = F5F0744B1FA2C58E00088E23 /* objectMapper.json */; };
		F5F074501FA2CBFA00088E23 /* YPTasteViewController.swift in Sources */ = {isa = PBXBuildFile; fileRef = F5F0744F1FA2CBFA00088E23 /* YPTasteViewController.swift */; };
		F5F074531FA2CDF400088E23 /* YPTasteTableViewCell.swift in Sources */ = {isa = PBXBuildFile; fileRef = F5F074521FA2CDF400088E23 /* YPTasteTableViewCell.swift */; };
		F5F074561FA2E0BC00088E23 /* img.jpeg in Resources */ = {isa = PBXBuildFile; fileRef = F5F074551FA2E0BC00088E23 /* img.jpeg */; };
/* End PBXBuildFile section */

/* Begin PBXContainerItemProxy section */
		F5033CCB1FA1D1ED00124A73 /* PBXContainerItemProxy */ = {
			isa = PBXContainerItemProxy;
			containerPortal = F5033CAE1FA1D1ED00124A73 /* Project object */;
			proxyType = 1;
			remoteGlobalIDString = F5033CB51FA1D1ED00124A73;
			remoteInfo = LearnSwift;
		};
		F5033CD61FA1D1ED00124A73 /* PBXContainerItemProxy */ = {
			isa = PBXContainerItemProxy;
			containerPortal = F5033CAE1FA1D1ED00124A73 /* Project object */;
			proxyType = 1;
			remoteGlobalIDString = F5033CB51FA1D1ED00124A73;
			remoteInfo = LearnSwift;
		};
/* End PBXContainerItemProxy section */

/* Begin PBXFileReference section */
		35B1E1F8B2269A3CB2CEF786 /* Pods-LearnSwift.release.xcconfig */ = {isa = PBXFileReference; includeInIndex = 1; lastKnownFileType = text.xcconfig; name = "Pods-LearnSwift.release.xcconfig"; path = "Pods/Target Support Files/Pods-LearnSwift/Pods-LearnSwift.release.xcconfig"; sourceTree = "<group>"; };
		6714375317D714D598E58CF5 /* Pods_LearnSwift.framework */ = {isa = PBXFileReference; explicitFileType = wrapper.framework; includeInIndex = 0; path = Pods_LearnSwift.framework; sourceTree = BUILT_PRODUCTS_DIR; };
		ACE49F4265A63B3E78534FD5 /* Pods-LearnSwift.debug.xcconfig */ = {isa = PBXFileReference; includeInIndex = 1; lastKnownFileType = text.xcconfig; name = "Pods-LearnSwift.debug.xcconfig"; path = "Pods/Target Support Files/Pods-LearnSwift/Pods-LearnSwift.debug.xcconfig"; sourceTree = "<group>"; };
		F5033CB61FA1D1ED00124A73 /* LearnSwift.app */ = {isa = PBXFileReference; explicitFileType = wrapper.application; includeInIndex = 0; path = LearnSwift.app; sourceTree = BUILT_PRODUCTS_DIR; };
		F5033CB91FA1D1ED00124A73 /* AppDelegate.swift */ = {isa = PBXFileReference; lastKnownFileType = sourcecode.swift; path = AppDelegate.swift; sourceTree = "<group>"; };
		F5033CBE1FA1D1ED00124A73 /* Base */ = {isa = PBXFileReference; lastKnownFileType = file.storyboard; name = Base; path = Base.lproj/Main.storyboard; sourceTree = "<group>"; };
		F5033CC01FA1D1ED00124A73 /* Assets.xcassets */ = {isa = PBXFileReference; lastKnownFileType = folder.assetcatalog; path = Assets.xcassets; sourceTree = "<group>"; };
		F5033CC31FA1D1ED00124A73 /* Base */ = {isa = PBXFileReference; lastKnownFileType = file.storyboard; name = Base; path = Base.lproj/LaunchScreen.storyboard; sourceTree = "<group>"; };
		F5033CC51FA1D1ED00124A73 /* Info.plist */ = {isa = PBXFileReference; lastKnownFileType = text.plist.xml; path = Info.plist; sourceTree = "<group>"; };
		F5033CCA1FA1D1ED00124A73 /* LearnSwiftTests.xctest */ = {isa = PBXFileReference; explicitFileType = wrapper.cfbundle; includeInIndex = 0; path = LearnSwiftTests.xctest; sourceTree = BUILT_PRODUCTS_DIR; };
		F5033CCE1FA1D1ED00124A73 /* LearnSwiftTests.swift */ = {isa = PBXFileReference; lastKnownFileType = sourcecode.swift; path = LearnSwiftTests.swift; sourceTree = "<group>"; };
		F5033CD01FA1D1ED00124A73 /* Info.plist */ = {isa = PBXFileReference; lastKnownFileType = text.plist.xml; path = Info.plist; sourceTree = "<group>"; };
		F5033CD51FA1D1ED00124A73 /* LearnSwiftUITests.xctest */ = {isa = PBXFileReference; explicitFileType = wrapper.cfbundle; includeInIndex = 0; path = LearnSwiftUITests.xctest; sourceTree = BUILT_PRODUCTS_DIR; };
		F5033CD91FA1D1ED00124A73 /* LearnSwiftUITests.swift */ = {isa = PBXFileReference; lastKnownFileType = sourcecode.swift; path = LearnSwiftUITests.swift; sourceTree = "<group>"; };
		F5033CDB1FA1D1ED00124A73 /* Info.plist */ = {isa = PBXFileReference; lastKnownFileType = text.plist.xml; path = Info.plist; sourceTree = "<group>"; };
		F5F074311FA2C4CC00088E23 /* MJYPData.swift */ = {isa = PBXFileReference; fileEncoding = 4; lastKnownFileType = sourcecode.swift; path = MJYPData.swift; sourceTree = "<group>"; };
		F5F074331FA2C4CC00088E23 /* MJYPMappable.swift */ = {isa = PBXFileReference; fileEncoding = 4; lastKnownFileType = sourcecode.swift; path = MJYPMappable.swift; sourceTree = "<group>"; };
		F5F074351FA2C4CC00088E23 /* MJYPDatas.swift */ = {isa = PBXFileReference; fileEncoding = 4; lastKnownFileType = sourcecode.swift; path = MJYPDatas.swift; sourceTree = "<group>"; };
		F5F074361FA2C4CC00088E23 /* MJYPResult.swift */ = {isa = PBXFileReference; fileEncoding = 4; lastKnownFileType = sourcecode.swift; path = MJYPResult.swift; sourceTree = "<group>"; };
		F5F074371FA2C4CC00088E23 /* MJYPGetList.swift */ = {isa = PBXFileReference; fileEncoding = 4; lastKnownFileType = sourcecode.swift; path = MJYPGetList.swift; sourceTree = "<group>"; };
		F5F074381FA2C4CC00088E23 /* MJYPTop.swift */ = {isa = PBXFileReference; fileEncoding = 4; lastKnownFileType = sourcecode.swift; path = MJYPTop.swift; sourceTree = "<group>"; };
		F5F074421FA2C4E700088E23 /* ViewController.swift */ = {isa = PBXFileReference; fileEncoding = 4; lastKnownFileType = sourcecode.swift; path = ViewController.swift; sourceTree = "<group>"; };
		F5F074431FA2C4E700088E23 /* SwiftJSONViewController.swift */ = {isa = PBXFileReference; fileEncoding = 4; lastKnownFileType = sourcecode.swift; path = SwiftJSONViewController.swift; sourceTree = "<group>"; };
		F5F074441FA2C4E700088E23 /* ObjectMapperViewController.swift */ = {isa = PBXFileReference; fileEncoding = 4; lastKnownFileType = sourcecode.swift; path = ObjectMapperViewController.swift; sourceTree = "<group>"; };
		F5F074491FA2C58E00088E23 /* getList.json */ = {isa = PBXFileReference; fileEncoding = 4; lastKnownFileType = text.json; path = getList.json; sourceTree = "<group>"; };
		F5F0744A1FA2C58E00088E23 /* MJYPData.json */ = {isa = PBXFileReference; fileEncoding = 4; lastKnownFileType = text.json; path = MJYPData.json; sourceTree = "<group>"; };
		F5F0744B1FA2C58E00088E23 /* objectMapper.json */ = {isa = PBXFileReference; fileEncoding = 4; lastKnownFileType = text.json; path = objectMapper.json; sourceTree = "<group>"; };
		F5F0744F1FA2CBFA00088E23 /* YPTasteViewController.swift */ = {isa = PBXFileReference; lastKnownFileType = sourcecode.swift; path = YPTasteViewController.swift; sourceTree = "<group>"; };
		F5F074521FA2CDF400088E23 /* YPTasteTableViewCell.swift */ = {isa = PBXFileReference; lastKnownFileType = sourcecode.swift; path = YPTasteTableViewCell.swift; sourceTree = "<group>"; };
		F5F074551FA2E0BC00088E23 /* img.jpeg */ = {isa = PBXFileReference; lastKnownFileType = image.jpeg; path = img.jpeg; sourceTree = "<group>"; };
/* End PBXFileReference section */

/* Begin PBXFrameworksBuildPhase section */
		F5033CB31FA1D1ED00124A73 /* Frameworks */ = {
			isa = PBXFrameworksBuildPhase;
			buildActionMask = 2147483647;
			files = (
				5B7CDE943700053B6EF4D6DF /* Pods_LearnSwift.framework in Frameworks */,
			);
			runOnlyForDeploymentPostprocessing = 0;
		};
		F5033CC71FA1D1ED00124A73 /* Frameworks */ = {
			isa = PBXFrameworksBuildPhase;
			buildActionMask = 2147483647;
			files = (
			);
			runOnlyForDeploymentPostprocessing = 0;
		};
		F5033CD21FA1D1ED00124A73 /* Frameworks */ = {
			isa = PBXFrameworksBuildPhase;
			buildActionMask = 2147483647;
			files = (
			);
			runOnlyForDeploymentPostprocessing = 0;
		};
/* End PBXFrameworksBuildPhase section */

/* Begin PBXGroup section */
		96CCEEB5907315DE87CC68B4 /* Frameworks */ = {
			isa = PBXGroup;
			children = (
				6714375317D714D598E58CF5 /* Pods_LearnSwift.framework */,
			);
			name = Frameworks;
			sourceTree = "<group>";
		};
		EFE1C5EB66A4989DBE88659D /* Pods */ = {
			isa = PBXGroup;
			children = (
				ACE49F4265A63B3E78534FD5 /* Pods-LearnSwift.debug.xcconfig */,
				35B1E1F8B2269A3CB2CEF786 /* Pods-LearnSwift.release.xcconfig */,
			);
			name = Pods;
			sourceTree = "<group>";
		};
		F5033CAD1FA1D1ED00124A73 = {
			isa = PBXGroup;
			children = (
				F5033CB81FA1D1ED00124A73 /* LearnSwift */,
				F5033CCD1FA1D1ED00124A73 /* LearnSwiftTests */,
				F5033CD81FA1D1ED00124A73 /* LearnSwiftUITests */,
				F5033CB71FA1D1ED00124A73 /* Products */,
				EFE1C5EB66A4989DBE88659D /* Pods */,
				96CCEEB5907315DE87CC68B4 /* Frameworks */,
			);
			sourceTree = "<group>";
		};
		F5033CB71FA1D1ED00124A73 /* Products */ = {
			isa = PBXGroup;
			children = (
				F5033CB61FA1D1ED00124A73 /* LearnSwift.app */,
				F5033CCA1FA1D1ED00124A73 /* LearnSwiftTests.xctest */,
				F5033CD51FA1D1ED00124A73 /* LearnSwiftUITests.xctest */,
			);
			name = Products;
			sourceTree = "<group>";
		};
		F5033CB81FA1D1ED00124A73 /* LearnSwift */ = {
			isa = PBXGroup;
			children = (
				F5F074511FA2CDCB00088E23 /* view */,
				F5F0742E1FA2C4A300088E23 /* model */,
				F5F0742F1FA2C4A300088E23 /* viewcontroller */,
				F5033CB91FA1D1ED00124A73 /* AppDelegate.swift */,
				F5033CBD1FA1D1ED00124A73 /* Main.storyboard */,
				F5033CC01FA1D1ED00124A73 /* Assets.xcassets */,
				F5033CC21FA1D1ED00124A73 /* LaunchScreen.storyboard */,
				F5033CC51FA1D1ED00124A73 /* Info.plist */,
			);
			path = LearnSwift;
			sourceTree = "<group>";
		};
		F5033CCD1FA1D1ED00124A73 /* LearnSwiftTests */ = {
			isa = PBXGroup;
			children = (
				F5033CCE1FA1D1ED00124A73 /* LearnSwiftTests.swift */,
				F5033CD01FA1D1ED00124A73 /* Info.plist */,
			);
			path = LearnSwiftTests;
			sourceTree = "<group>";
		};
		F5033CD81FA1D1ED00124A73 /* LearnSwiftUITests */ = {
			isa = PBXGroup;
			children = (
				F5033CD91FA1D1ED00124A73 /* LearnSwiftUITests.swift */,
				F5033CDB1FA1D1ED00124A73 /* Info.plist */,
			);
			path = LearnSwiftUITests;
			sourceTree = "<group>";
		};
		F5F0742E1FA2C4A300088E23 /* model */ = {
			isa = PBXGroup;
			children = (
				F5F074481FA2C58E00088E23 /* testData */,
				F5F074311FA2C4CC00088E23 /* MJYPData.swift */,
				F5F074351FA2C4CC00088E23 /* MJYPDatas.swift */,
				F5F074371FA2C4CC00088E23 /* MJYPGetList.swift */,
				F5F074331FA2C4CC00088E23 /* MJYPMappable.swift */,
				F5F074361FA2C4CC00088E23 /* MJYPResult.swift */,
				F5F074381FA2C4CC00088E23 /* MJYPTop.swift */,
			);
			path = model;
			sourceTree = "<group>";
		};
		F5F0742F1FA2C4A300088E23 /* viewcontroller */ = {
			isa = PBXGroup;
			children = (
				F5F074441FA2C4E700088E23 /* ObjectMapperViewController.swift */,
				F5F074431FA2C4E700088E23 /* SwiftJSONViewController.swift */,
				F5F074421FA2C4E700088E23 /* ViewController.swift */,
				F5F0744F1FA2CBFA00088E23 /* YPTasteViewController.swift */,
			);
			path = viewcontroller;
			sourceTree = "<group>";
		};
		F5F074481FA2C58E00088E23 /* testData */ = {
			isa = PBXGroup;
			children = (
				F5F074491FA2C58E00088E23 /* getList.json */,
				F5F0744A1FA2C58E00088E23 /* MJYPData.json */,
				F5F0744B1FA2C58E00088E23 /* objectMapper.json */,
			);
			path = testData;
			sourceTree = "<group>";
		};
		F5F074511FA2CDCB00088E23 /* view */ = {
			isa = PBXGroup;
			children = (
				F5F074541FA2E0BC00088E23 /* testdata */,
				F5F074521FA2CDF400088E23 /* YPTasteTableViewCell.swift */,
			);
			path = view;
			sourceTree = "<group>";
		};
		F5F074541FA2E0BC00088E23 /* testdata */ = {
			isa = PBXGroup;
			children = (
				F5F074551FA2E0BC00088E23 /* img.jpeg */,
			);
			path = testdata;
			sourceTree = "<group>";
		};
/* End PBXGroup section */

/* Begin PBXNativeTarget section */
		F5033CB51FA1D1ED00124A73 /* LearnSwift */ = {
			isa = PBXNativeTarget;
			buildConfigurationList = F5033CDE1FA1D1ED00124A73 /* Build configuration list for PBXNativeTarget "LearnSwift" */;
			buildPhases = (
				C9210200662338EB8C56AD6A /* [CP] Check Pods Manifest.lock */,
				F5033CB21FA1D1ED00124A73 /* Sources */,
				F5033CB31FA1D1ED00124A73 /* Frameworks */,
				F5033CB41FA1D1ED00124A73 /* Resources */,
				D7C2640F9B14B8423B64964E /* [CP] Embed Pods Frameworks */,
				858E719F57279908286E1DE4 /* [CP] Copy Pods Resources */,
			);
			buildRules = (
			);
			dependencies = (
			);
			name = LearnSwift;
			productName = LearnSwift;
			productReference = F5033CB61FA1D1ED00124A73 /* LearnSwift.app */;
			productType = "com.apple.product-type.application";
		};
		F5033CC91FA1D1ED00124A73 /* LearnSwiftTests */ = {
			isa = PBXNativeTarget;
			buildConfigurationList = F5033CE11FA1D1ED00124A73 /* Build configuration list for PBXNativeTarget "LearnSwiftTests" */;
			buildPhases = (
				F5033CC61FA1D1ED00124A73 /* Sources */,
				F5033CC71FA1D1ED00124A73 /* Frameworks */,
				F5033CC81FA1D1ED00124A73 /* Resources */,
			);
			buildRules = (
			);
			dependencies = (
				F5033CCC1FA1D1ED00124A73 /* PBXTargetDependency */,
			);
			name = LearnSwiftTests;
			productName = LearnSwiftTests;
			productReference = F5033CCA1FA1D1ED00124A73 /* LearnSwiftTests.xctest */;
			productType = "com.apple.product-type.bundle.unit-test";
		};
		F5033CD41FA1D1ED00124A73 /* LearnSwiftUITests */ = {
			isa = PBXNativeTarget;
			buildConfigurationList = F5033CE41FA1D1ED00124A73 /* Build configuration list for PBXNativeTarget "LearnSwiftUITests" */;
			buildPhases = (
				F5033CD11FA1D1ED00124A73 /* Sources */,
				F5033CD21FA1D1ED00124A73 /* Frameworks */,
				F5033CD31FA1D1ED00124A73 /* Resources */,
			);
			buildRules = (
			);
			dependencies = (
				F5033CD71FA1D1ED00124A73 /* PBXTargetDependency */,
			);
			name = LearnSwiftUITests;
			productName = LearnSwiftUITests;
			productReference = F5033CD51FA1D1ED00124A73 /* LearnSwiftUITests.xctest */;
			productType = "com.apple.product-type.bundle.ui-testing";
		};
/* End PBXNativeTarget section */

/* Begin PBXProject section */
		F5033CAE1FA1D1ED00124A73 /* Project object */ = {
			isa = PBXProject;
			attributes = {
				LastSwiftUpdateCheck = 0910;
				LastUpgradeCheck = 0910;
				ORGANIZATIONNAME = xiaomi;
				TargetAttributes = {
					F5033CB51FA1D1ED00124A73 = {
						CreatedOnToolsVersion = 9.1;
						ProvisioningStyle = Automatic;
					};
					F5033CC91FA1D1ED00124A73 = {
						CreatedOnToolsVersion = 9.1;
						ProvisioningStyle = Automatic;
						TestTargetID = F5033CB51FA1D1ED00124A73;
					};
					F5033CD41FA1D1ED00124A73 = {
						CreatedOnToolsVersion = 9.1;
						ProvisioningStyle = Automatic;
						TestTargetID = F5033CB51FA1D1ED00124A73;
					};
				};
			};
			buildConfigurationList = F5033CB11FA1D1ED00124A73 /* Build configuration list for PBXProject "LearnSwift" */;
			compatibilityVersion = "Xcode 8.0";
			developmentRegion = en;
			hasScannedForEncodings = 0;
			knownRegions = (
				en,
				Base,
			);
			mainGroup = F5033CAD1FA1D1ED00124A73;
			productRefGroup = F5033CB71FA1D1ED00124A73 /* Products */;
			projectDirPath = "";
			projectRoot = "";
			targets = (
				F5033CB51FA1D1ED00124A73 /* LearnSwift */,
				F5033CC91FA1D1ED00124A73 /* LearnSwiftTests */,
				F5033CD41FA1D1ED00124A73 /* LearnSwiftUITests */,
			);
		};
/* End PBXProject section */

/* Begin PBXResourcesBuildPhase section */
		F5033CB41FA1D1ED00124A73 /* Resources */ = {
			isa = PBXResourcesBuildPhase;
			buildActionMask = 2147483647;
			files = (
				F5F0744C1FA2C58E00088E23 /* getList.json in Resources */,
				F5F0744E1FA2C58E00088E23 /* objectMapper.json in Resources */,
				F5033CC41FA1D1ED00124A73 /* LaunchScreen.storyboard in Resources */,
				F5F0744D1FA2C58E00088E23 /* MJYPData.json in Resources */,
				F5F074561FA2E0BC00088E23 /* img.jpeg in Resources */,
				F5033CC11FA1D1ED00124A73 /* Assets.xcassets in Resources */,
				F5033CBF1FA1D1ED00124A73 /* Main.storyboard in Resources */,
			);
			runOnlyForDeploymentPostprocessing = 0;
		};
		F5033CC81FA1D1ED00124A73 /* Resources */ = {
			isa = PBXResourcesBuildPhase;
			buildActionMask = 2147483647;
			files = (
			);
			runOnlyForDeploymentPostprocessing = 0;
		};
		F5033CD31FA1D1ED00124A73 /* Resources */ = {
			isa = PBXResourcesBuildPhase;
			buildActionMask = 2147483647;
			files = (
			);
			runOnlyForDeploymentPostprocessing = 0;
		};
/* End PBXResourcesBuildPhase section */

/* Begin PBXShellScriptBuildPhase section */
		858E719F57279908286E1DE4 /* [CP] Copy Pods Resources */ = {
			isa = PBXShellScriptBuildPhase;
			buildActionMask = 2147483647;
			files = (
			);
			inputPaths = (
			);
			name = "[CP] Copy Pods Resources";
			outputPaths = (
			);
			runOnlyForDeploymentPostprocessing = 0;
			shellPath = /bin/sh;
			shellScript = "\"${SRCROOT}/Pods/Target Support Files/Pods-LearnSwift/Pods-LearnSwift-resources.sh\"\n";
			showEnvVarsInLog = 0;
		};
		C9210200662338EB8C56AD6A /* [CP] Check Pods Manifest.lock */ = {
			isa = PBXShellScriptBuildPhase;
			buildActionMask = 2147483647;
			files = (
			);
			inputPaths = (
			);
			name = "[CP] Check Pods Manifest.lock";
			outputPaths = (
			);
			runOnlyForDeploymentPostprocessing = 0;
			shellPath = /bin/sh;
			shellScript = "diff \"${PODS_ROOT}/../Podfile.lock\" \"${PODS_ROOT}/Manifest.lock\" > /dev/null\nif [ $? != 0 ] ; then\n    # print error to STDERR\n    echo \"error: The sandbox is not in sync with the Podfile.lock. Run 'pod install' or update your CocoaPods installation.\" >&2\n    exit 1\nfi\n";
			showEnvVarsInLog = 0;
		};
		D7C2640F9B14B8423B64964E /* [CP] Embed Pods Frameworks */ = {
			isa = PBXShellScriptBuildPhase;
			buildActionMask = 2147483647;
			files = (
			);
			inputPaths = (
			);
			name = "[CP] Embed Pods Frameworks";
			outputPaths = (
			);
			runOnlyForDeploymentPostprocessing = 0;
			shellPath = /bin/sh;
			shellScript = "\"${SRCROOT}/Pods/Target Support Files/Pods-LearnSwift/Pods-LearnSwift-frameworks.sh\"\n";
			showEnvVarsInLog = 0;
		};
/* End PBXShellScriptBuildPhase section */

/* Begin PBXSourcesBuildPhase section */
		F5033CB21FA1D1ED00124A73 /* Sources */ = {
			isa = PBXSourcesBuildPhase;
			buildActionMask = 2147483647;
			files = (
				F5F074401FA2C4CC00088E23 /* MJYPGetList.swift in Sources */,
				F5F074471FA2C4E700088E23 /* ObjectMapperViewController.swift in Sources */,
				F5F0743F1FA2C4CC00088E23 /* MJYPResult.swift in Sources */,
				F5F074451FA2C4E700088E23 /* ViewController.swift in Sources */,
				F5F074461FA2C4E700088E23 /* SwiftJSONViewController.swift in Sources */,
				F5F074501FA2CBFA00088E23 /* YPTasteViewController.swift in Sources */,
				F5F074411FA2C4CC00088E23 /* MJYPTop.swift in Sources */,
				F5F074531FA2CDF400088E23 /* YPTasteTableViewCell.swift in Sources */,
				F5F0743E1FA2C4CC00088E23 /* MJYPDatas.swift in Sources */,
				F5033CBA1FA1D1ED00124A73 /* AppDelegate.swift in Sources */,
				F5F0743A1FA2C4CC00088E23 /* MJYPData.swift in Sources */,
				F5F0743C1FA2C4CC00088E23 /* MJYPMappable.swift in Sources */,
			);
			runOnlyForDeploymentPostprocessing = 0;
		};
		F5033CC61FA1D1ED00124A73 /* Sources */ = {
			isa = PBXSourcesBuildPhase;
			buildActionMask = 2147483647;
			files = (
				F5033CCF1FA1D1ED00124A73 /* LearnSwiftTests.swift in Sources */,
			);
			runOnlyForDeploymentPostprocessing = 0;
		};
		F5033CD11FA1D1ED00124A73 /* Sources */ = {
			isa = PBXSourcesBuildPhase;
			buildActionMask = 2147483647;
			files = (
				F5033CDA1FA1D1ED00124A73 /* LearnSwiftUITests.swift in Sources */,
			);
			runOnlyForDeploymentPostprocessing = 0;
		};
/* End PBXSourcesBuildPhase section */

/* Begin PBXTargetDependency section */
		F5033CCC1FA1D1ED00124A73 /* PBXTargetDependency */ = {
			isa = PBXTargetDependency;
			target = F5033CB51FA1D1ED00124A73 /* LearnSwift */;
			targetProxy = F5033CCB1FA1D1ED00124A73 /* PBXContainerItemProxy */;
		};
		F5033CD71FA1D1ED00124A73 /* PBXTargetDependency */ = {
			isa = PBXTargetDependency;
			target = F5033CB51FA1D1ED00124A73 /* LearnSwift */;
			targetProxy = F5033CD61FA1D1ED00124A73 /* PBXContainerItemProxy */;
		};
/* End PBXTargetDependency section */

/* Begin PBXVariantGroup section */
		F5033CBD1FA1D1ED00124A73 /* Main.storyboard */ = {
			isa = PBXVariantGroup;
			children = (
				F5033CBE1FA1D1ED00124A73 /* Base */,
			);
			name = Main.storyboard;
			sourceTree = "<group>";
		};
		F5033CC21FA1D1ED00124A73 /* LaunchScreen.storyboard */ = {
			isa = PBXVariantGroup;
			children = (
				F5033CC31FA1D1ED00124A73 /* Base */,
			);
			name = LaunchScreen.storyboard;
			sourceTree = "<group>";
		};
/* End PBXVariantGroup section */

/* Begin XCBuildConfiguration section */
		F5033CDC1FA1D1ED00124A73 /* Debug */ = {
			isa = XCBuildConfiguration;
			buildSettings = {
				ALWAYS_SEARCH_USER_PATHS = NO;
				CLANG_ANALYZER_NONNULL = YES;
				CLANG_ANALYZER_NUMBER_OBJECT_CONVERSION = YES_AGGRESSIVE;
				CLANG_CXX_LANGUAGE_STANDARD = "gnu++14";
				CLANG_CXX_LIBRARY = "libc++";
				CLANG_ENABLE_MODULES = YES;
				CLANG_ENABLE_OBJC_ARC = YES;
				CLANG_WARN_BLOCK_CAPTURE_AUTORELEASING = YES;
				CLANG_WARN_BOOL_CONVERSION = YES;
				CLANG_WARN_COMMA = YES;
				CLANG_WARN_CONSTANT_CONVERSION = YES;
				CLANG_WARN_DIRECT_OBJC_ISA_USAGE = YES_ERROR;
				CLANG_WARN_DOCUMENTATION_COMMENTS = YES;
				CLANG_WARN_EMPTY_BODY = YES;
				CLANG_WARN_ENUM_CONVERSION = YES;
				CLANG_WARN_INFINITE_RECURSION = YES;
				CLANG_WARN_INT_CONVERSION = YES;
				CLANG_WARN_NON_LITERAL_NULL_CONVERSION = YES;
				CLANG_WARN_OBJC_LITERAL_CONVERSION = YES;
				CLANG_WARN_OBJC_ROOT_CLASS = YES_ERROR;
				CLANG_WARN_RANGE_LOOP_ANALYSIS = YES;
				CLANG_WARN_STRICT_PROTOTYPES = YES;
				CLANG_WARN_SUSPICIOUS_MOVE = YES;
				CLANG_WARN_UNGUARDED_AVAILABILITY = YES_AGGRESSIVE;
				CLANG_WARN_UNREACHABLE_CODE = YES;
				CLANG_WARN__DUPLICATE_METHOD_MATCH = YES;
				CODE_SIGN_IDENTITY = "iPhone Developer";
				COPY_PHASE_STRIP = NO;
				DEBUG_INFORMATION_FORMAT = dwarf;
				ENABLE_STRICT_OBJC_MSGSEND = YES;
				ENABLE_TESTABILITY = YES;
				GCC_C_LANGUAGE_STANDARD = gnu11;
				GCC_DYNAMIC_NO_PIC = NO;
				GCC_NO_COMMON_BLOCKS = YES;
				GCC_OPTIMIZATION_LEVEL = 0;
				GCC_PREPROCESSOR_DEFINITIONS = (
					"DEBUG=1",
					"$(inherited)",
				);
				GCC_WARN_64_TO_32_BIT_CONVERSION = YES;
				GCC_WARN_ABOUT_RETURN_TYPE = YES_ERROR;
				GCC_WARN_UNDECLARED_SELECTOR = YES;
				GCC_WARN_UNINITIALIZED_AUTOS = YES_AGGRESSIVE;
				GCC_WARN_UNUSED_FUNCTION = YES;
				GCC_WARN_UNUSED_VARIABLE = YES;
				IPHONEOS_DEPLOYMENT_TARGET = 11.1;
				"LD_RUNPATH_SEARCH_PATHS[arch=*]" = "@executable_path/Framework";
				MTL_ENABLE_DEBUG_INFO = YES;
				ONLY_ACTIVE_ARCH = YES;
				SDKROOT = iphoneos;
				SWIFT_ACTIVE_COMPILATION_CONDITIONS = DEBUG;
				SWIFT_OPTIMIZATION_LEVEL = "-Onone";
			};
			name = Debug;
		};
		F5033CDD1FA1D1ED00124A73 /* Release */ = {
			isa = XCBuildConfiguration;
			buildSettings = {
				ALWAYS_SEARCH_USER_PATHS = NO;
				CLANG_ANALYZER_NONNULL = YES;
				CLANG_ANALYZER_NUMBER_OBJECT_CONVERSION = YES_AGGRESSIVE;
				CLANG_CXX_LANGUAGE_STANDARD = "gnu++14";
				CLANG_CXX_LIBRARY = "libc++";
				CLANG_ENABLE_MODULES = YES;
				CLANG_ENABLE_OBJC_ARC = YES;
				CLANG_WARN_BLOCK_CAPTURE_AUTORELEASING = YES;
				CLANG_WARN_BOOL_CONVERSION = YES;
				CLANG_WARN_COMMA = YES;
				CLANG_WARN_CONSTANT_CONVERSION = YES;
				CLANG_WARN_DIRECT_OBJC_ISA_USAGE = YES_ERROR;
				CLANG_WARN_DOCUMENTATION_COMMENTS = YES;
				CLANG_WARN_EMPTY_BODY = YES;
				CLANG_WARN_ENUM_CONVERSION = YES;
				CLANG_WARN_INFINITE_RECURSION = YES;
				CLANG_WARN_INT_CONVERSION = YES;
				CLANG_WARN_NON_LITERAL_NULL_CONVERSION = YES;
				CLANG_WARN_OBJC_LITERAL_CONVERSION = YES;
				CLANG_WARN_OBJC_ROOT_CLASS = YES_ERROR;
				CLANG_WARN_RANGE_LOOP_ANALYSIS = YES;
				CLANG_WARN_STRICT_PROTOTYPES = YES;
				CLANG_WARN_SUSPICIOUS_MOVE = YES;
				CLANG_WARN_UNGUARDED_AVAILABILITY = YES_AGGRESSIVE;
				CLANG_WARN_UNREACHABLE_CODE = YES;
				CLANG_WARN__DUPLICATE_METHOD_MATCH = YES;
				CODE_SIGN_IDENTITY = "iPhone Developer";
				COPY_PHASE_STRIP = NO;
				DEBUG_INFORMATION_FORMAT = "dwarf-with-dsym";
				ENABLE_NS_ASSERTIONS = NO;
				ENABLE_STRICT_OBJC_MSGSEND = YES;
				GCC_C_LANGUAGE_STANDARD = gnu11;
				GCC_NO_COMMON_BLOCKS = YES;
				GCC_WARN_64_TO_32_BIT_CONVERSION = YES;
				GCC_WARN_ABOUT_RETURN_TYPE = YES_ERROR;
				GCC_WARN_UNDECLARED_SELECTOR = YES;
				GCC_WARN_UNINITIALIZED_AUTOS = YES_AGGRESSIVE;
				GCC_WARN_UNUSED_FUNCTION = YES;
				GCC_WARN_UNUSED_VARIABLE = YES;
				IPHONEOS_DEPLOYMENT_TARGET = 11.1;
				"LD_RUNPATH_SEARCH_PATHS[arch=*]" = "@executable_path/Framework";
				MTL_ENABLE_DEBUG_INFO = NO;
				SDKROOT = iphoneos;
				SWIFT_OPTIMIZATION_LEVEL = "-Owholemodule";
				VALIDATE_PRODUCT = YES;
			};
			name = Release;
		};
		F5033CDF1FA1D1ED00124A73 /* Debug */ = {
			isa = XCBuildConfiguration;
			baseConfigurationReference = ACE49F4265A63B3E78534FD5 /* Pods-LearnSwift.debug.xcconfig */;
			buildSettings = {
				ASSETCATALOG_COMPILER_APPICON_NAME = AppIcon;
				CODE_SIGN_STYLE = Automatic;
				DEVELOPMENT_TEAM = 565N65EYHQ;
				INFOPLIST_FILE = LearnSwift/Info.plist;
				IPHONEOS_DEPLOYMENT_TARGET = 10.3;
				LD_RUNPATH_SEARCH_PATHS = "$(inherited) @executable_path/Frameworks";
				PRODUCT_BUNDLE_IDENTIFIER = com.dong.LearnSwift;
				PRODUCT_NAME = "$(TARGET_NAME)";
				SWIFT_VERSION = 4.0;
				TARGETED_DEVICE_FAMILY = "1,2";
			};
			name = Debug;
		};
		F5033CE01FA1D1ED00124A73 /* Release */ = {
			isa = XCBuildConfiguration;
			baseConfigurationReference = 35B1E1F8B2269A3CB2CEF786 /* Pods-LearnSwift.release.xcconfig */;
			buildSettings = {
				ASSETCATALOG_COMPILER_APPICON_NAME = AppIcon;
				CODE_SIGN_STYLE = Automatic;
				DEVELOPMENT_TEAM = 565N65EYHQ;
				INFOPLIST_FILE = LearnSwift/Info.plist;
				IPHONEOS_DEPLOYMENT_TARGET = 10.3;
				LD_RUNPATH_SEARCH_PATHS = "$(inherited) @executable_path/Frameworks";
				PRODUCT_BUNDLE_IDENTIFIER = com.dong.LearnSwift;
				PRODUCT_NAME = "$(TARGET_NAME)";
				SWIFT_VERSION = 4.0;
				TARGETED_DEVICE_FAMILY = "1,2";
			};
			name = Release;
		};
		F5033CE21FA1D1ED00124A73 /* Debug */ = {
			isa = XCBuildConfiguration;
			buildSettings = {
				ALWAYS_EMBED_SWIFT_STANDARD_LIBRARIES = YES;
				BUNDLE_LOADER = "$(TEST_HOST)";
				CODE_SIGN_STYLE = Automatic;
				DEVELOPMENT_TEAM = 565N65EYHQ;
				INFOPLIST_FILE = LearnSwiftTests/Info.plist;
				LD_RUNPATH_SEARCH_PATHS = "$(inherited) @executable_path/Frameworks @loader_path/Frameworks";
				PRODUCT_BUNDLE_IDENTIFIER = com.dong.LearnSwiftTests;
				PRODUCT_NAME = "$(TARGET_NAME)";
				SWIFT_VERSION = 4.0;
				TARGETED_DEVICE_FAMILY = "1,2";
				TEST_HOST = "$(BUILT_PRODUCTS_DIR)/LearnSwift.app/LearnSwift";
			};
			name = Debug;
		};
		F5033CE31FA1D1ED00124A73 /* Release */ = {
			isa = XCBuildConfiguration;
			buildSettings = {
				ALWAYS_EMBED_SWIFT_STANDARD_LIBRARIES = YES;
				BUNDLE_LOADER = "$(TEST_HOST)";
				CODE_SIGN_STYLE = Automatic;
				DEVELOPMENT_TEAM = 565N65EYHQ;
				INFOPLIST_FILE = LearnSwiftTests/Info.plist;
				LD_RUNPATH_SEARCH_PATHS = "$(inherited) @executable_path/Frameworks @loader_path/Frameworks";
				PRODUCT_BUNDLE_IDENTIFIER = com.dong.LearnSwiftTests;
				PRODUCT_NAME = "$(TARGET_NAME)";
				SWIFT_VERSION = 4.0;
				TARGETED_DEVICE_FAMILY = "1,2";
				TEST_HOST = "$(BUILT_PRODUCTS_DIR)/LearnSwift.app/LearnSwift";
			};
			name = Release;
		};
		F5033CE51FA1D1ED00124A73 /* Debug */ = {
			isa = XCBuildConfiguration;
			buildSettings = {
				ALWAYS_EMBED_SWIFT_STANDARD_LIBRARIES = YES;
				CODE_SIGN_STYLE = Automatic;
				DEVELOPMENT_TEAM = 565N65EYHQ;
				INFOPLIST_FILE = LearnSwiftUITests/Info.plist;
				LD_RUNPATH_SEARCH_PATHS = "$(inherited) @executable_path/Frameworks @loader_path/Frameworks";
				PRODUCT_BUNDLE_IDENTIFIER = com.dong.LearnSwiftUITests;
				PRODUCT_NAME = "$(TARGET_NAME)";
				SWIFT_VERSION = 4.0;
				TARGETED_DEVICE_FAMILY = "1,2";
				TEST_TARGET_NAME = LearnSwift;
			};
			name = Debug;
		};
		F5033CE61FA1D1ED00124A73 /* Release */ = {
			isa = XCBuildConfiguration;
			buildSettings = {
				ALWAYS_EMBED_SWIFT_STANDARD_LIBRARIES = YES;
				CODE_SIGN_STYLE = Automatic;
				DEVELOPMENT_TEAM = 565N65EYHQ;
				INFOPLIST_FILE = LearnSwiftUITests/Info.plist;
				LD_RUNPATH_SEARCH_PATHS = "$(inherited) @executable_path/Frameworks @loader_path/Frameworks";
				PRODUCT_BUNDLE_IDENTIFIER = com.dong.LearnSwiftUITests;
				PRODUCT_NAME = "$(TARGET_NAME)";
				SWIFT_VERSION = 4.0;
				TARGETED_DEVICE_FAMILY = "1,2";
				TEST_TARGET_NAME = LearnSwift;
			};
			name = Release;
		};
/* End XCBuildConfiguration section */

/* Begin XCConfigurationList section */
		F5033CB11FA1D1ED00124A73 /* Build configuration list for PBXProject "LearnSwift" */ = {
			isa = XCConfigurationList;
			buildConfigurations = (
				F5033CDC1FA1D1ED00124A73 /* Debug */,
				F5033CDD1FA1D1ED00124A73 /* Release */,
			);
			defaultConfigurationIsVisible = 0;
			defaultConfigurationName = Release;
		};
		F5033CDE1FA1D1ED00124A73 /* Build configuration list for PBXNativeTarget "LearnSwift" */ = {
			isa = XCConfigurationList;
			buildConfigurations = (
				F5033CDF1FA1D1ED00124A73 /* Debug */,
				F5033CE01FA1D1ED00124A73 /* Release */,
			);
			defaultConfigurationIsVisible = 0;
			defaultConfigurationName = Release;
		};
		F5033CE11FA1D1ED00124A73 /* Build configuration list for PBXNativeTarget "LearnSwiftTests" */ = {
			isa = XCConfigurationList;
			buildConfigurations = (
				F5033CE21FA1D1ED00124A73 /* Debug */,
				F5033CE31FA1D1ED00124A73 /* Release */,
			);
			defaultConfigurationIsVisible = 0;
			defaultConfigurationName = Release;
		};
		F5033CE41FA1D1ED00124A73 /* Build configuration list for PBXNativeTarget "LearnSwiftUITests" */ = {
			isa = XCConfigurationList;
			buildConfigurations = (
				F5033CE51FA1D1ED00124A73 /* Debug */,
				F5033CE61FA1D1ED00124A73 /* Release */,
			);
			defaultConfigurationIsVisible = 0;
			defaultConfigurationName = Release;
		};
/* End XCConfigurationList section */
	};
	rootObject = F5033CAE1FA1D1ED00124A73 /* Project object */;
}
